
Microsoft Visual Studio Solution File, Format Version 12.00
# Visual Studio Version 17
VisualStudioVersion = 17.14.36429.23 d17.14
MinimumVisualStudioVersion = 10.0.40219.1
Project("{FAE04EC0-301F-11D3-BF4B-00C04F79EFBC}") = "Game 10003 - Git Part 2", "Game 10003 - Git Part 2.csproj", "{47676079-E341-42F8-AFDE-E8FC3A7F0A11}"
EndProject
Global
	GlobalSection(SolutionConfigurationPlatforms) = preSolution
		Debug|Any CPU = Debug|Any CPU
		Release|Any CPU = Release|Any CPU
	EndGlobalSection
	GlobalSection(ProjectConfigurationPlatforms) = postSolution
		{47676079-E341-42F8-AFDE-E8FC3A7F0A11}.Debug|Any CPU.ActiveCfg = Debug|Any CPU
		{47676079-E341-42F8-AFDE-E8FC3A7F0A11}.Debug|Any CPU.Build.0 = Debug|Any CPU
		{47676079-E341-42F8-AFDE-E8FC3A7F0A11}.Release|Any CPU.ActiveCfg = Release|Any CPU
		{47676079-E341-42F8-AFDE-E8FC3A7F0A11}.Release|Any CPU.Build.0 = Release|Any CPU
	EndGlobalSection
	GlobalSection(SolutionProperties) = preSolution
		HideSolutionNode = FALSE
	EndGlobalSection
	GlobalSection(ExtensibilityGlobals) = postSolution
		SolutionGuid = {E5A09B70-F282-4995-B52B-D2E0E81BC18A}
	EndGlobalSection
EndGlobal
